
Microsoft Visual Studio Solution File, Format Version 12.00
# Visual Studio Version 17
VisualStudioVersion = 17.8.34330.188
MinimumVisualStudioVersion = 10.0.40219.1
Project("{FAE04EC0-301F-11D3-BF4B-00C04F79EFBC}") = "NeoApp.API", "NeoApp.API\NeoApp.API.csproj", "{8A223813-1EDD-4E44-9A10-DFA45EEC7008}"
EndProject
Global
	GlobalSection(SolutionConfigurationPlatforms) = preSolution
		Debug|Any CPU = Debug|Any CPU
		Release|Any CPU = Release|Any CPU
	EndGlobalSection
	GlobalSection(ProjectConfigurationPlatforms) = postSolution
		{8A223813-1EDD-4E44-9A10-DFA45EEC7008}.Debug|Any CPU.ActiveCfg = Debug|Any CPU
		{8A223813-1EDD-4E44-9A10-DFA45EEC7008}.Debug|Any CPU.Build.0 = Debug|Any CPU
		{8A223813-1EDD-4E44-9A10-DFA45EEC7008}.Release|Any CPU.ActiveCfg = Release|Any CPU
		{8A223813-1EDD-4E44-9A10-DFA45EEC7008}.Release|Any CPU.Build.0 = Release|Any CPU
	EndGlobalSection
	GlobalSection(SolutionProperties) = preSolution
		HideSolutionNode = FALSE
	EndGlobalSection
	GlobalSection(ExtensibilityGlobals) = postSolution
		SolutionGuid = {E602BE7C-0934-4F22-BBC9-7B98EF39CC13}
	EndGlobalSection
EndGlobal
